
Microsoft Visual Studio Solution File, Format Version 12.00
# Visual Studio Version 17
VisualStudioVersion = 17.13.35828.75 d17.13
MinimumVisualStudioVersion = 10.0.40219.1
Project("{FAE04EC0-301F-11D3-BF4B-00C04F79EFBC}") = "EjercicioSeminario3", "EjercicioSeminario3.csproj", "{5C442322-2DED-45D7-84E8-851EBA9D5D39}"
EndProject
Global
	GlobalSection(SolutionConfigurationPlatforms) = preSolution
		Debug|Any CPU = Debug|Any CPU
		Release|Any CPU = Release|Any CPU
	EndGlobalSection
	GlobalSection(ProjectConfigurationPlatforms) = postSolution
		{5C442322-2DED-45D7-84E8-851EBA9D5D39}.Debug|Any CPU.ActiveCfg = Debug|Any CPU
		{5C442322-2DED-45D7-84E8-851EBA9D5D39}.Debug|Any CPU.Build.0 = Debug|Any CPU
		{5C442322-2DED-45D7-84E8-851EBA9D5D39}.Release|Any CPU.ActiveCfg = Release|Any CPU
		{5C442322-2DED-45D7-84E8-851EBA9D5D39}.Release|Any CPU.Build.0 = Release|Any CPU
	EndGlobalSection
	GlobalSection(SolutionProperties) = preSolution
		HideSolutionNode = FALSE
	EndGlobalSection
	GlobalSection(ExtensibilityGlobals) = postSolution
		SolutionGuid = {F6C8524C-14E3-4B3A-ABAC-DDD6A5F6079E}
	EndGlobalSection
EndGlobal
